
Microsoft Visual Studio Solution File, Format Version 12.00
# Visual Studio Version 17
VisualStudioVersion = 17.6.33829.357
MinimumVisualStudioVersion = 10.0.40219.1
Project("{FAE04EC0-301F-11D3-BF4B-00C04F79EFBC}") = "TechniNETBlazor.Server", "TechniNETBlazor\Server\TechniNETBlazor.Server.csproj", "{99BBA0B0-9F43-4A70-BA53-F4483C2FB08D}"
EndProject
Project("{FAE04EC0-301F-11D3-BF4B-00C04F79EFBC}") = "TechniNETBlazor.Client", "TechniNETBlazor\Client\TechniNETBlazor.Client.csproj", "{77BD79F1-F832-4A6F-87F5-1152376EFCE6}"
EndProject
Project("{FAE04EC0-301F-11D3-BF4B-00C04F79EFBC}") = "TechniNETBlazor.Shared", "TechniNETBlazor\Shared\TechniNETBlazor.Shared.csproj", "{F78D38DF-4C47-4DE7-A9C3-7FDB64951104}"
EndProject
Global
	GlobalSection(SolutionConfigurationPlatforms) = preSolution
		Debug|Any CPU = Debug|Any CPU
		Release|Any CPU = Release|Any CPU
	EndGlobalSection
	GlobalSection(ProjectConfigurationPlatforms) = postSolution
		{99BBA0B0-9F43-4A70-BA53-F4483C2FB08D}.Debug|Any CPU.ActiveCfg = Debug|Any CPU
		{99BBA0B0-9F43-4A70-BA53-F4483C2FB08D}.Debug|Any CPU.Build.0 = Debug|Any CPU
		{99BBA0B0-9F43-4A70-BA53-F4483C2FB08D}.Release|Any CPU.ActiveCfg = Release|Any CPU
		{99BBA0B0-9F43-4A70-BA53-F4483C2FB08D}.Release|Any CPU.Build.0 = Release|Any CPU
		{77BD79F1-F832-4A6F-87F5-1152376EFCE6}.Debug|Any CPU.ActiveCfg = Debug|Any CPU
		{77BD79F1-F832-4A6F-87F5-1152376EFCE6}.Debug|Any CPU.Build.0 = Debug|Any CPU
		{77BD79F1-F832-4A6F-87F5-1152376EFCE6}.Release|Any CPU.ActiveCfg = Release|Any CPU
		{77BD79F1-F832-4A6F-87F5-1152376EFCE6}.Release|Any CPU.Build.0 = Release|Any CPU
		{F78D38DF-4C47-4DE7-A9C3-7FDB64951104}.Debug|Any CPU.ActiveCfg = Debug|Any CPU
		{F78D38DF-4C47-4DE7-A9C3-7FDB64951104}.Debug|Any CPU.Build.0 = Debug|Any CPU
		{F78D38DF-4C47-4DE7-A9C3-7FDB64951104}.Release|Any CPU.ActiveCfg = Release|Any CPU
		{F78D38DF-4C47-4DE7-A9C3-7FDB64951104}.Release|Any CPU.Build.0 = Release|Any CPU
	EndGlobalSection
	GlobalSection(SolutionProperties) = preSolution
		HideSolutionNode = FALSE
	EndGlobalSection
	GlobalSection(ExtensibilityGlobals) = postSolution
		SolutionGuid = {A4141380-ED40-41D2-8071-6DDE71B1D339}
	EndGlobalSection
EndGlobal
